
Microsoft Visual Studio Solution File, Format Version 12.00
# Visual Studio Version 17
VisualStudioVersion = 17.1.32319.34
MinimumVisualStudioVersion = 10.0.40219.1
Project("{FAE04EC0-301F-11D3-BF4B-00C04F79EFBC}") = "WendyApp.Server", "WendyApp\Server\WendyApp.Server.csproj", "{B8763106-D9BE-4690-8D31-6261C6DD1452}"
EndProject
Project("{FAE04EC0-301F-11D3-BF4B-00C04F79EFBC}") = "WendyApp.Client", "WendyApp\Client\WendyApp.Client.csproj", "{A00BE68B-189F-4E4F-BB32-D356CBFA3C48}"
EndProject
Project("{FAE04EC0-301F-11D3-BF4B-00C04F79EFBC}") = "WendyApp.Shared", "WendyApp\Shared\WendyApp.Shared.csproj", "{1CAB1795-941C-44B9-9183-A7255AA3C8E2}"
EndProject
Global
	GlobalSection(SolutionConfigurationPlatforms) = preSolution
		Debug|Any CPU = Debug|Any CPU
		Release|Any CPU = Release|Any CPU
	EndGlobalSection
	GlobalSection(ProjectConfigurationPlatforms) = postSolution
		{B8763106-D9BE-4690-8D31-6261C6DD1452}.Debug|Any CPU.ActiveCfg = Debug|Any CPU
		{B8763106-D9BE-4690-8D31-6261C6DD1452}.Debug|Any CPU.Build.0 = Debug|Any CPU
		{B8763106-D9BE-4690-8D31-6261C6DD1452}.Release|Any CPU.ActiveCfg = Release|Any CPU
		{B8763106-D9BE-4690-8D31-6261C6DD1452}.Release|Any CPU.Build.0 = Release|Any CPU
		{A00BE68B-189F-4E4F-BB32-D356CBFA3C48}.Debug|Any CPU.ActiveCfg = Debug|Any CPU
		{A00BE68B-189F-4E4F-BB32-D356CBFA3C48}.Debug|Any CPU.Build.0 = Debug|Any CPU
		{A00BE68B-189F-4E4F-BB32-D356CBFA3C48}.Release|Any CPU.ActiveCfg = Release|Any CPU
		{A00BE68B-189F-4E4F-BB32-D356CBFA3C48}.Release|Any CPU.Build.0 = Release|Any CPU
		{1CAB1795-941C-44B9-9183-A7255AA3C8E2}.Debug|Any CPU.ActiveCfg = Debug|Any CPU
		{1CAB1795-941C-44B9-9183-A7255AA3C8E2}.Debug|Any CPU.Build.0 = Debug|Any CPU
		{1CAB1795-941C-44B9-9183-A7255AA3C8E2}.Release|Any CPU.ActiveCfg = Release|Any CPU
		{1CAB1795-941C-44B9-9183-A7255AA3C8E2}.Release|Any CPU.Build.0 = Release|Any CPU
	EndGlobalSection
	GlobalSection(SolutionProperties) = preSolution
		HideSolutionNode = FALSE
	EndGlobalSection
	GlobalSection(ExtensibilityGlobals) = postSolution
		SolutionGuid = {F666694C-2986-478A-BE08-FE49778ACE7D}
	EndGlobalSection
EndGlobal
